
Microsoft Visual Studio Solution File, Format Version 12.00
# Visual Studio 14
VisualStudioVersion = 14.0.25420.1
MinimumVisualStudioVersion = 10.0.40219.1
Project("{FAE04EC0-301F-11D3-BF4B-00C04F79EFBC}") = "Uedit32", "Uedit32\Uedit32.csproj", "{74E15CA1-FE21-4980-8EC5-807A6AB0A4B9}"
EndProject
Project("{FAE04EC0-301F-11D3-BF4B-00C04F79EFBC}") = "Uedit32Client", "Uedit32Client\Uedit32Client.csproj", "{B4824B3F-5FB1-4972-AEC9-BC7974814804}"
EndProject
Project("{FAE04EC0-301F-11D3-BF4B-00C04F79EFBC}") = "Network", "Network\Network.csproj", "{30A5348B-EAFA-4378-9F80-1D9A7DAE1325}"
EndProject
Global
	GlobalSection(SolutionConfigurationPlatforms) = preSolution
		Debug|Any CPU = Debug|Any CPU
		Release|Any CPU = Release|Any CPU
	EndGlobalSection
	GlobalSection(ProjectConfigurationPlatforms) = postSolution
		{74E15CA1-FE21-4980-8EC5-807A6AB0A4B9}.Debug|Any CPU.ActiveCfg = Debug|Any CPU
		{74E15CA1-FE21-4980-8EC5-807A6AB0A4B9}.Debug|Any CPU.Build.0 = Debug|Any CPU
		{74E15CA1-FE21-4980-8EC5-807A6AB0A4B9}.Release|Any CPU.ActiveCfg = Release|Any CPU
		{74E15CA1-FE21-4980-8EC5-807A6AB0A4B9}.Release|Any CPU.Build.0 = Release|Any CPU
		{B4824B3F-5FB1-4972-AEC9-BC7974814804}.Debug|Any CPU.ActiveCfg = Debug|Any CPU
		{B4824B3F-5FB1-4972-AEC9-BC7974814804}.Debug|Any CPU.Build.0 = Debug|Any CPU
		{B4824B3F-5FB1-4972-AEC9-BC7974814804}.Release|Any CPU.ActiveCfg = Release|Any CPU
		{B4824B3F-5FB1-4972-AEC9-BC7974814804}.Release|Any CPU.Build.0 = Release|Any CPU
		{30A5348B-EAFA-4378-9F80-1D9A7DAE1325}.Debug|Any CPU.ActiveCfg = Debug|Any CPU
		{30A5348B-EAFA-4378-9F80-1D9A7DAE1325}.Debug|Any CPU.Build.0 = Debug|Any CPU
		{30A5348B-EAFA-4378-9F80-1D9A7DAE1325}.Release|Any CPU.ActiveCfg = Release|Any CPU
		{30A5348B-EAFA-4378-9F80-1D9A7DAE1325}.Release|Any CPU.Build.0 = Release|Any CPU
	EndGlobalSection
	GlobalSection(SolutionProperties) = preSolution
		HideSolutionNode = FALSE
	EndGlobalSection
EndGlobal
